Microsoft Visual Studio Solution File, Format Version 9.00
# Visual Studio 2005
Project("{FAE04EC0-301F-11D3-BF4B-00C04F79EFBC}") = "ResTool", "ResTool.csproj", "{75FEEF46-F378-4364-B19F-E2D4A2D5DC68}"
EndProject
Project("{FAE04EC0-301F-11D3-BF4B-00C04F79EFBC}") = "DumpRes", "..\DumpRes\DumpRes.csproj", "{6D3D44C8-C850-4F77-A457-C8C89C576C7D}"
EndProject
Global
	GlobalSection(SolutionConfigurationPlatforms) = preSolution
		Debug|Any CPU = Debug|Any CPU
		Release|Any CPU = Release|Any CPU
	EndGlobalSection
	GlobalSection(ProjectConfigurationPlatforms) = postSolution
		{75FEEF46-F378-4364-B19F-E2D4A2D5DC68}.Debug|Any CPU.ActiveCfg = Debug|Any CPU
		{75FEEF46-F378-4364-B19F-E2D4A2D5DC68}.Debug|Any CPU.Build.0 = Debug|Any CPU
		{75FEEF46-F378-4364-B19F-E2D4A2D5DC68}.Release|Any CPU.ActiveCfg = Release|Any CPU
		{75FEEF46-F378-4364-B19F-E2D4A2D5DC68}.Release|Any CPU.Build.0 = Release|Any CPU
		{6D3D44C8-C850-4F77-A457-C8C89C576C7D}.Debug|Any CPU.ActiveCfg = Debug|Any CPU
		{6D3D44C8-C850-4F77-A457-C8C89C576C7D}.Debug|Any CPU.Build.0 = Debug|Any CPU
		{6D3D44C8-C850-4F77-A457-C8C89C576C7D}.Release|Any CPU.ActiveCfg = Release|Any CPU
		{6D3D44C8-C850-4F77-A457-C8C89C576C7D}.Release|Any CPU.Build.0 = Release|Any CPU
	EndGlobalSection
	GlobalSection(SolutionProperties) = preSolution
		HideSolutionNode = FALSE
	EndGlobalSection
EndGlobal
