
Microsoft Visual Studio Solution File, Format Version 11.00
# Visual Studio 2010
Project("{FAE04EC0-301F-11D3-BF4B-00C04F79EFBC}") = "Common", "Common\Common.csproj", "{73DEF91D-03FF-41E3-B2E1-3259AF247CA7}"
EndProject
Project("{FAE04EC0-301F-11D3-BF4B-00C04F79EFBC}") = "Engine", "Engine\Engine.csproj", "{BCD52FCF-B7A8-42FB-AA8D-CF9921FF593E}"
EndProject
Project("{FAE04EC0-301F-11D3-BF4B-00C04F79EFBC}") = "Server", "Server\Server.csproj", "{B68687B3-E45A-410E-BAE6-A7B2590E17B1}"
EndProject
Project("{FAE04EC0-301F-11D3-BF4B-00C04F79EFBC}") = "Frontend-GNOME", "Frontend-GNOME\Frontend-GNOME.csproj", "{405874F0-A58A-4E79-8766-2150D069F691}"
EndProject
Project("{FAE04EC0-301F-11D3-BF4B-00C04F79EFBC}") = "Frontend-Test", "Frontend-Test\Frontend-Test.csproj", "{06A95A33-EB35-4572-AC92-0887DAF75D7E}"
EndProject
Project("{FAE04EC0-301F-11D3-BF4B-00C04F79EFBC}") = "Frontend", "Frontend\Frontend.csproj", "{7B1E3AB2-FB8C-4439-A2B4-2129EDBD79F8}"
EndProject
Project("{FAE04EC0-301F-11D3-BF4B-00C04F79EFBC}") = "Engine-IRC", "Engine-IRC\Engine-IRC.csproj", "{95C1E256-73E7-4AAB-AA0B-405B51F7CF5A}"
EndProject
Project("{FAE04EC0-301F-11D3-BF4B-00C04F79EFBC}") = "Engine-XMPP", "Engine-XMPP\Engine-XMPP.csproj", "{E75D5685-3027-414C-BC2C-E48307181D80}"
EndProject
Project("{FAE04EC0-301F-11D3-BF4B-00C04F79EFBC}") = "Frontend-GNOME-IRC", "Frontend-GNOME-IRC\Frontend-GNOME-IRC.csproj", "{118F010C-A914-48B7-B4A6-44176B1DB376}"
EndProject
Project("{FAE04EC0-301F-11D3-BF4B-00C04F79EFBC}") = "Frontend-GNOME-XMPP", "Frontend-GNOME-XMPP\Frontend-GNOME-XMPP.csproj", "{1C67CF8B-5CC9-4B43-9F67-FA6399000067}"
EndProject
Project("{FAE04EC0-301F-11D3-BF4B-00C04F79EFBC}") = "Frontend-SWF", "Frontend-SWF\Frontend-SWF.csproj", "{41CA5F1D-83A0-48D6-A4D3-DDF801272056}"
EndProject
Project("{FAE04EC0-301F-11D3-BF4B-00C04F79EFBC}") = "Frontend-Curses", "Frontend-Curses\Frontend-Curses.csproj", "{24616068-65C0-464F-82CC-473B6392C4A9}"
EndProject
Project("{FAE04EC0-301F-11D3-BF4B-00C04F79EFBC}") = "Frontend-STFL", "Frontend-STFL\Frontend-STFL.csproj", "{E477E836-B4E6-41DD-AC4A-7AB80EA4BA00}"
EndProject
Project("{FAE04EC0-301F-11D3-BF4B-00C04F79EFBC}") = "Engine-Twitter", "Engine-Twitter\Engine-Twitter.csproj", "{2505C91F-5F34-4E64-8A49-405A02E070FD}"
EndProject
Project("{FAE04EC0-301F-11D3-BF4B-00C04F79EFBC}") = "Common-Tests", "Common-Tests\Common-Tests.csproj", "{D39D3DC3-CE90-4313-8351-C30C24B2CCB8}"
EndProject
Project("{FAE04EC0-301F-11D3-BF4B-00C04F79EFBC}") = "Engine-Tests", "Engine-Tests\Engine-Tests.csproj", "{52C5C937-774E-4279-82E1-890EDE4F4759}"
EndProject
Project("{FAE04EC0-301F-11D3-BF4B-00C04F79EFBC}") = "Frontend-GNOME-Tests", "Frontend-GNOME-Tests\Frontend-GNOME-Tests.csproj", "{5C3F617A-3811-49DE-A6ED-4F726BAAAE4D}"
EndProject
Project("{FAE04EC0-301F-11D3-BF4B-00C04F79EFBC}") = "SmartIrc4net", "..\lib\SmartIrc4net\SmartIrc4net.csproj", "{91D3003B-7E65-4EAF-8EE1-DA43832E7A9C}"
EndProject
Project("{FAE04EC0-301F-11D3-BF4B-00C04F79EFBC}") = "Newtonsoft.Json", "..\lib\Newtonsoft.Json\Src\Newtonsoft.Json\Newtonsoft.Json.csproj", "{A9AE40FF-1A21-414A-9FE7-3BE13644CC6D}"
EndProject
Project("{FAE04EC0-301F-11D3-BF4B-00C04F79EFBC}") = "Twitterizer2", "..\lib\Twitterizer\Twitterizer2\Twitterizer2.csproj", "{2FDC3492-6B9E-4771-9755-7892C9CB1E96}"
EndProject
Project("{FAE04EC0-301F-11D3-BF4B-00C04F79EFBC}") = "Frontend-STFL-Tests", "Frontend-STFL-Tests\Frontend-STFL-Tests.csproj", "{4820E490-C03D-4794-BE00-C49DD0F0C651}"
EndProject
Project("{FAE04EC0-301F-11D3-BF4B-00C04F79EFBC}") = "Db4objects.Db4o-2010", "..\lib\db4o-net\Db4objects.Db4o\Db4objects.Db4o-2010.csproj", "{600CD3BF-2ED2-4183-87F7-ADD78A968AE0}"
EndProject
Project("{FAE04EC0-301F-11D3-BF4B-00C04F79EFBC}") = "ServiceStack.Text", "..\lib\ServiceStack.Text\src\ServiceStack.Text\ServiceStack.Text.csproj", "{579B3FDB-CDAD-44E1-8417-885C38E49A0E}"
EndProject
Project("{FAE04EC0-301F-11D3-BF4B-00C04F79EFBC}") = "ServiceStack.Interfaces", "..\lib\ServiceStack\src\ServiceStack.Interfaces\ServiceStack.Interfaces.csproj", "{42E1C8C0-A163-44CC-92B1-8F416F2C0B01}"
EndProject
Project("{FAE04EC0-301F-11D3-BF4B-00C04F79EFBC}") = "ServiceStack.Common", "..\lib\ServiceStack\src\ServiceStack.Common\ServiceStack.Common.csproj", "{982416DB-C143-4028-A0C3-CF41892D18D3}"
EndProject
Project("{FAE04EC0-301F-11D3-BF4B-00C04F79EFBC}") = "Engine-Campfire", "Engine-Campfire\Engine-Campfire.csproj", "{1006D905-798E-4039-B9CC-37FB8707F84A}"
EndProject
Project("{FAE04EC0-301F-11D3-BF4B-00C04F79EFBC}") = "Frontend-Tests", "Frontend-Tests\Frontend-Tests.csproj", "{C8E5D37F-6C42-4CD6-81E4-CE4DA2125F11}"
EndProject
Project("{FAE04EC0-301F-11D3-BF4B-00C04F79EFBC}") = "Engine-JabbR", "Engine-JabbR\Engine-JabbR.csproj", "{AB347741-B8CC-4B6B-BD39-826C77BE0694}"
EndProject
Project("{FAE04EC0-301F-11D3-BF4B-00C04F79EFBC}") = "Microsoft.AspNet.SignalR.Client", "..\lib\SignalR\src\Microsoft.AspNet.SignalR.Client\Microsoft.AspNet.SignalR.Client.csproj", "{EB46B9C6-EE37-48F9-835E-E49580E40E0A}"
EndProject
Project("{FAE04EC0-301F-11D3-BF4B-00C04F79EFBC}") = "JabbR.Client", "..\lib\JabbR\JabbR.Client\JabbR.Client.csproj", "{A4A1D183-FD80-4DBD-806F-883DDADD4967}"
EndProject
Project("{FAE04EC0-301F-11D3-BF4B-00C04F79EFBC}") = "agsxmpp", "..\lib\agsxmpp\agsxmpp\agsxmpp.csproj", "{C6379274-C5DE-41A2-AE3E-753F85A557BA}"
EndProject
Project("{FAE04EC0-301F-11D3-BF4B-00C04F79EFBC}") = "StarkSoftProxy", "..\lib\StarkSoftProxy\StarkSoftProxy.csproj", "{3F8CF2C1-EA37-444F-8693-A3A00B1131D2}"
EndProject
Project("{FAE04EC0-301F-11D3-BF4B-00C04F79EFBC}") = "Frontend-GNOME-Twitter", "Frontend-GNOME-Twitter\Frontend-GNOME-Twitter.csproj", "{298A5895-D8C8-45EB-AC57-1B6AAD05D6AD}"
EndProject
Project("{FAE04EC0-301F-11D3-BF4B-00C04F79EFBC}") = "Engine-MessageBuffer", "Engine-MessageBuffer\Engine-MessageBuffer.csproj", "{7964E3E4-1E98-4AE0-AF1B-1B940CDF0A99}"
EndProject
Project("{FAE04EC0-301F-11D3-BF4B-00C04F79EFBC}") = "Twitterizer2.Streaming", "..\lib\Twitterizer\Twitterizer2.Streaming\Twitterizer2.Streaming.csproj", "{AFDC57ED-C013-4581-9D06-54D8A42D696D}"
EndProject
Global
	GlobalSection(SolutionConfigurationPlatforms) = preSolution
		Release|Any CPU = Release|Any CPU
		Debug|Any CPU = Debug|Any CPU
		Debug-Win32|x86 = Debug-Win32|x86
		Release-Win32|x86 = Release-Win32|x86
	EndGlobalSection
	GlobalSection(ProjectConfigurationPlatforms) = postSolution
		{06A95A33-EB35-4572-AC92-0887DAF75D7E}.Debug|Any CPU.ActiveCfg = Debug|Any CPU
		{06A95A33-EB35-4572-AC92-0887DAF75D7E}.Debug|Any CPU.Build.0 = Debug|Any CPU
		{06A95A33-EB35-4572-AC92-0887DAF75D7E}.Debug-Win32|x86.ActiveCfg = Debug|Any CPU
		{06A95A33-EB35-4572-AC92-0887DAF75D7E}.Debug-Win32|x86.Build.0 = Debug|Any CPU
		{06A95A33-EB35-4572-AC92-0887DAF75D7E}.Release|Any CPU.ActiveCfg = Release|Any CPU
		{06A95A33-EB35-4572-AC92-0887DAF75D7E}.Release|Any CPU.Build.0 = Release|Any CPU
		{06A95A33-EB35-4572-AC92-0887DAF75D7E}.Release-Win32|x86.ActiveCfg = Release|Any CPU
		{06A95A33-EB35-4572-AC92-0887DAF75D7E}.Release-Win32|x86.Build.0 = Release|Any CPU
		{1006D905-798E-4039-B9CC-37FB8707F84A}.Debug|Any CPU.ActiveCfg = Debug|Any CPU
		{1006D905-798E-4039-B9CC-37FB8707F84A}.Debug|Any CPU.Build.0 = Debug|Any CPU
		{1006D905-798E-4039-B9CC-37FB8707F84A}.Debug-Win32|x86.ActiveCfg = Debug|Any CPU
		{1006D905-798E-4039-B9CC-37FB8707F84A}.Debug-Win32|x86.Build.0 = Debug|Any CPU
		{1006D905-798E-4039-B9CC-37FB8707F84A}.Release|Any CPU.ActiveCfg = Release|Any CPU
		{1006D905-798E-4039-B9CC-37FB8707F84A}.Release|Any CPU.Build.0 = Release|Any CPU
		{1006D905-798E-4039-B9CC-37FB8707F84A}.Release-Win32|x86.ActiveCfg = Release|Any CPU
		{1006D905-798E-4039-B9CC-37FB8707F84A}.Release-Win32|x86.Build.0 = Release|Any CPU
		{118F010C-A914-48B7-B4A6-44176B1DB376}.Debug|Any CPU.ActiveCfg = Debug|Any CPU
		{118F010C-A914-48B7-B4A6-44176B1DB376}.Debug|Any CPU.Build.0 = Debug|Any CPU
		{118F010C-A914-48B7-B4A6-44176B1DB376}.Debug-Win32|x86.ActiveCfg = Debug|Any CPU
		{118F010C-A914-48B7-B4A6-44176B1DB376}.Debug-Win32|x86.Build.0 = Debug|Any CPU
		{118F010C-A914-48B7-B4A6-44176B1DB376}.Release|Any CPU.ActiveCfg = Release|Any CPU
		{118F010C-A914-48B7-B4A6-44176B1DB376}.Release|Any CPU.Build.0 = Release|Any CPU
		{118F010C-A914-48B7-B4A6-44176B1DB376}.Release-Win32|x86.ActiveCfg = Release|Any CPU
		{118F010C-A914-48B7-B4A6-44176B1DB376}.Release-Win32|x86.Build.0 = Release|Any CPU
		{1C67CF8B-5CC9-4B43-9F67-FA6399000067}.Debug|Any CPU.ActiveCfg = Debug|Any CPU
		{1C67CF8B-5CC9-4B43-9F67-FA6399000067}.Debug|Any CPU.Build.0 = Debug|Any CPU
		{1C67CF8B-5CC9-4B43-9F67-FA6399000067}.Debug-Win32|x86.ActiveCfg = Debug|Any CPU
		{1C67CF8B-5CC9-4B43-9F67-FA6399000067}.Debug-Win32|x86.Build.0 = Debug|Any CPU
		{1C67CF8B-5CC9-4B43-9F67-FA6399000067}.Release|Any CPU.ActiveCfg = Release|Any CPU
		{1C67CF8B-5CC9-4B43-9F67-FA6399000067}.Release|Any CPU.Build.0 = Release|Any CPU
		{1C67CF8B-5CC9-4B43-9F67-FA6399000067}.Release-Win32|x86.ActiveCfg = Release|Any CPU
		{1C67CF8B-5CC9-4B43-9F67-FA6399000067}.Release-Win32|x86.Build.0 = Release|Any CPU
		{24616068-65C0-464F-82CC-473B6392C4A9}.Debug|Any CPU.ActiveCfg = Debug|Any CPU
		{24616068-65C0-464F-82CC-473B6392C4A9}.Debug|Any CPU.Build.0 = Debug|Any CPU
		{24616068-65C0-464F-82CC-473B6392C4A9}.Debug-Win32|x86.ActiveCfg = Debug|Any CPU
		{24616068-65C0-464F-82CC-473B6392C4A9}.Debug-Win32|x86.Build.0 = Debug|Any CPU
		{24616068-65C0-464F-82CC-473B6392C4A9}.Release|Any CPU.ActiveCfg = Release|Any CPU
		{24616068-65C0-464F-82CC-473B6392C4A9}.Release|Any CPU.Build.0 = Release|Any CPU
		{24616068-65C0-464F-82CC-473B6392C4A9}.Release-Win32|x86.ActiveCfg = Release|Any CPU
		{24616068-65C0-464F-82CC-473B6392C4A9}.Release-Win32|x86.Build.0 = Release|Any CPU
		{2505C91F-5F34-4E64-8A49-405A02E070FD}.Debug|Any CPU.ActiveCfg = Debug|Any CPU
		{2505C91F-5F34-4E64-8A49-405A02E070FD}.Debug|Any CPU.Build.0 = Debug|Any CPU
		{2505C91F-5F34-4E64-8A49-405A02E070FD}.Debug-Win32|x86.ActiveCfg = Debug|Any CPU
		{2505C91F-5F34-4E64-8A49-405A02E070FD}.Debug-Win32|x86.Build.0 = Debug|Any CPU
		{2505C91F-5F34-4E64-8A49-405A02E070FD}.Release|Any CPU.ActiveCfg = Release|Any CPU
		{2505C91F-5F34-4E64-8A49-405A02E070FD}.Release|Any CPU.Build.0 = Release|Any CPU
		{2505C91F-5F34-4E64-8A49-405A02E070FD}.Release-Win32|x86.ActiveCfg = Release|Any CPU
		{2505C91F-5F34-4E64-8A49-405A02E070FD}.Release-Win32|x86.Build.0 = Release|Any CPU
		{298A5895-D8C8-45EB-AC57-1B6AAD05D6AD}.Debug|Any CPU.ActiveCfg = Debug|Any CPU
		{298A5895-D8C8-45EB-AC57-1B6AAD05D6AD}.Debug|Any CPU.Build.0 = Debug|Any CPU
		{298A5895-D8C8-45EB-AC57-1B6AAD05D6AD}.Debug-Win32|x86.ActiveCfg = Debug|Any CPU
		{298A5895-D8C8-45EB-AC57-1B6AAD05D6AD}.Debug-Win32|x86.Build.0 = Debug|Any CPU
		{298A5895-D8C8-45EB-AC57-1B6AAD05D6AD}.Release|Any CPU.ActiveCfg = Release|Any CPU
		{298A5895-D8C8-45EB-AC57-1B6AAD05D6AD}.Release|Any CPU.Build.0 = Release|Any CPU
		{298A5895-D8C8-45EB-AC57-1B6AAD05D6AD}.Release-Win32|x86.ActiveCfg = Release|Any CPU
		{298A5895-D8C8-45EB-AC57-1B6AAD05D6AD}.Release-Win32|x86.Build.0 = Release|Any CPU
		{2FDC3492-6B9E-4771-9755-7892C9CB1E96}.Debug|Any CPU.ActiveCfg = Debug|Any CPU
		{2FDC3492-6B9E-4771-9755-7892C9CB1E96}.Debug|Any CPU.Build.0 = Debug|Any CPU
		{2FDC3492-6B9E-4771-9755-7892C9CB1E96}.Debug-Win32|x86.ActiveCfg = Debug|Any CPU
		{2FDC3492-6B9E-4771-9755-7892C9CB1E96}.Debug-Win32|x86.Build.0 = Debug|Any CPU
		{2FDC3492-6B9E-4771-9755-7892C9CB1E96}.Release|Any CPU.ActiveCfg = Release|Any CPU
		{2FDC3492-6B9E-4771-9755-7892C9CB1E96}.Release|Any CPU.Build.0 = Release|Any CPU
		{2FDC3492-6B9E-4771-9755-7892C9CB1E96}.Release-Win32|x86.ActiveCfg = Release|Any CPU
		{2FDC3492-6B9E-4771-9755-7892C9CB1E96}.Release-Win32|x86.Build.0 = Release|Any CPU
		{3F8CF2C1-EA37-444F-8693-A3A00B1131D2}.Debug|Any CPU.ActiveCfg = Debug|Any CPU
		{3F8CF2C1-EA37-444F-8693-A3A00B1131D2}.Debug|Any CPU.Build.0 = Debug|Any CPU
		{3F8CF2C1-EA37-444F-8693-A3A00B1131D2}.Debug-Win32|x86.ActiveCfg = Debug|Any CPU
		{3F8CF2C1-EA37-444F-8693-A3A00B1131D2}.Debug-Win32|x86.Build.0 = Debug|Any CPU
		{3F8CF2C1-EA37-444F-8693-A3A00B1131D2}.Release|Any CPU.ActiveCfg = Release|Any CPU
		{3F8CF2C1-EA37-444F-8693-A3A00B1131D2}.Release|Any CPU.Build.0 = Release|Any CPU
		{3F8CF2C1-EA37-444F-8693-A3A00B1131D2}.Release-Win32|x86.ActiveCfg = Release|Any CPU
		{3F8CF2C1-EA37-444F-8693-A3A00B1131D2}.Release-Win32|x86.Build.0 = Release|Any CPU
		{405874F0-A58A-4E79-8766-2150D069F691}.Debug|Any CPU.ActiveCfg = Debug|Any CPU
		{405874F0-A58A-4E79-8766-2150D069F691}.Debug|Any CPU.Build.0 = Debug|Any CPU
		{405874F0-A58A-4E79-8766-2150D069F691}.Debug-Win32|Any CPU.ActiveCfg = Release|Any CPU
		{405874F0-A58A-4E79-8766-2150D069F691}.Debug-Win32|Any CPU.Build.0 = Release|Any CPU
		{405874F0-A58A-4E79-8766-2150D069F691}.Debug-Win32|x86.ActiveCfg = Debug-Win32|x86
		{405874F0-A58A-4E79-8766-2150D069F691}.Debug-Win32|x86.Build.0 = Debug-Win32|x86
		{405874F0-A58A-4E79-8766-2150D069F691}.Release|Any CPU.ActiveCfg = Release|Any CPU
		{405874F0-A58A-4E79-8766-2150D069F691}.Release|Any CPU.Build.0 = Release|Any CPU
		{405874F0-A58A-4E79-8766-2150D069F691}.Release-Win32|x86.ActiveCfg = Release-Win32|x86
		{405874F0-A58A-4E79-8766-2150D069F691}.Release-Win32|x86.Build.0 = Release-Win32|x86
		{41CA5F1D-83A0-48D6-A4D3-DDF801272056}.Debug|Any CPU.ActiveCfg = Debug|Any CPU
		{41CA5F1D-83A0-48D6-A4D3-DDF801272056}.Debug|Any CPU.Build.0 = Debug|Any CPU
		{41CA5F1D-83A0-48D6-A4D3-DDF801272056}.Debug-Win32|x86.ActiveCfg = Debug|Any CPU
		{41CA5F1D-83A0-48D6-A4D3-DDF801272056}.Debug-Win32|x86.Build.0 = Debug|Any CPU
		{41CA5F1D-83A0-48D6-A4D3-DDF801272056}.Release|Any CPU.ActiveCfg = Release|Any CPU
		{41CA5F1D-83A0-48D6-A4D3-DDF801272056}.Release|Any CPU.Build.0 = Release|Any CPU
		{41CA5F1D-83A0-48D6-A4D3-DDF801272056}.Release-Win32|x86.ActiveCfg = Release|Any CPU
		{41CA5F1D-83A0-48D6-A4D3-DDF801272056}.Release-Win32|x86.Build.0 = Release|Any CPU
		{42E1C8C0-A163-44CC-92B1-8F416F2C0B01}.Debug|Any CPU.ActiveCfg = Debug|Any CPU
		{42E1C8C0-A163-44CC-92B1-8F416F2C0B01}.Debug|Any CPU.Build.0 = Debug|Any CPU
		{42E1C8C0-A163-44CC-92B1-8F416F2C0B01}.Debug-Win32|x86.ActiveCfg = Debug|Any CPU
		{42E1C8C0-A163-44CC-92B1-8F416F2C0B01}.Debug-Win32|x86.Build.0 = Debug|Any CPU
		{42E1C8C0-A163-44CC-92B1-8F416F2C0B01}.Release|Any CPU.ActiveCfg = Release|Any CPU
		{42E1C8C0-A163-44CC-92B1-8F416F2C0B01}.Release|Any CPU.Build.0 = Release|Any CPU
		{42E1C8C0-A163-44CC-92B1-8F416F2C0B01}.Release-Win32|x86.ActiveCfg = Release|Any CPU
		{42E1C8C0-A163-44CC-92B1-8F416F2C0B01}.Release-Win32|x86.Build.0 = Release|Any CPU
		{4820E490-C03D-4794-BE00-C49DD0F0C651}.Debug|Any CPU.ActiveCfg = Debug|Any CPU
		{4820E490-C03D-4794-BE00-C49DD0F0C651}.Debug|Any CPU.Build.0 = Debug|Any CPU
		{4820E490-C03D-4794-BE00-C49DD0F0C651}.Debug-Win32|x86.ActiveCfg = Debug|Any CPU
		{4820E490-C03D-4794-BE00-C49DD0F0C651}.Debug-Win32|x86.Build.0 = Debug|Any CPU
		{4820E490-C03D-4794-BE00-C49DD0F0C651}.Release|Any CPU.ActiveCfg = Release|Any CPU
		{4820E490-C03D-4794-BE00-C49DD0F0C651}.Release|Any CPU.Build.0 = Release|Any CPU
		{4820E490-C03D-4794-BE00-C49DD0F0C651}.Release-Win32|x86.ActiveCfg = Release|Any CPU
		{4820E490-C03D-4794-BE00-C49DD0F0C651}.Release-Win32|x86.Build.0 = Release|Any CPU
		{52C5C937-774E-4279-82E1-890EDE4F4759}.Debug|Any CPU.ActiveCfg = Debug|Any CPU
		{52C5C937-774E-4279-82E1-890EDE4F4759}.Debug|Any CPU.Build.0 = Debug|Any CPU
		{52C5C937-774E-4279-82E1-890EDE4F4759}.Debug-Win32|x86.ActiveCfg = Debug|Any CPU
		{52C5C937-774E-4279-82E1-890EDE4F4759}.Debug-Win32|x86.Build.0 = Debug|Any CPU
		{52C5C937-774E-4279-82E1-890EDE4F4759}.Release|Any CPU.ActiveCfg = Release|Any CPU
		{52C5C937-774E-4279-82E1-890EDE4F4759}.Release|Any CPU.Build.0 = Release|Any CPU
		{52C5C937-774E-4279-82E1-890EDE4F4759}.Release-Win32|x86.ActiveCfg = Release|Any CPU
		{52C5C937-774E-4279-82E1-890EDE4F4759}.Release-Win32|x86.Build.0 = Release|Any CPU
		{579B3FDB-CDAD-44E1-8417-885C38E49A0E}.Debug|Any CPU.ActiveCfg = Debug|Any CPU
		{579B3FDB-CDAD-44E1-8417-885C38E49A0E}.Debug|Any CPU.Build.0 = Debug|Any CPU
		{579B3FDB-CDAD-44E1-8417-885C38E49A0E}.Debug-Win32|x86.ActiveCfg = Debug|Any CPU
		{579B3FDB-CDAD-44E1-8417-885C38E49A0E}.Debug-Win32|x86.Build.0 = Debug|Any CPU
		{579B3FDB-CDAD-44E1-8417-885C38E49A0E}.Release|Any CPU.ActiveCfg = Release|Any CPU
		{579B3FDB-CDAD-44E1-8417-885C38E49A0E}.Release|Any CPU.Build.0 = Release|Any CPU
		{579B3FDB-CDAD-44E1-8417-885C38E49A0E}.Release-Win32|x86.ActiveCfg = Release|Any CPU
		{579B3FDB-CDAD-44E1-8417-885C38E49A0E}.Release-Win32|x86.Build.0 = Release|Any CPU
		{5C3F617A-3811-49DE-A6ED-4F726BAAAE4D}.Debug|Any CPU.ActiveCfg = Debug|Any CPU
		{5C3F617A-3811-49DE-A6ED-4F726BAAAE4D}.Debug|Any CPU.Build.0 = Debug|Any CPU
		{5C3F617A-3811-49DE-A6ED-4F726BAAAE4D}.Debug-Win32|x86.ActiveCfg = Debug|Any CPU
		{5C3F617A-3811-49DE-A6ED-4F726BAAAE4D}.Debug-Win32|x86.Build.0 = Debug|Any CPU
		{5C3F617A-3811-49DE-A6ED-4F726BAAAE4D}.Release|Any CPU.ActiveCfg = Release|Any CPU
		{5C3F617A-3811-49DE-A6ED-4F726BAAAE4D}.Release|Any CPU.Build.0 = Release|Any CPU
		{5C3F617A-3811-49DE-A6ED-4F726BAAAE4D}.Release-Win32|x86.ActiveCfg = Release|Any CPU
		{5C3F617A-3811-49DE-A6ED-4F726BAAAE4D}.Release-Win32|x86.Build.0 = Release|Any CPU
		{600CD3BF-2ED2-4183-87F7-ADD78A968AE0}.Debug|Any CPU.ActiveCfg = Debug|Any CPU
		{600CD3BF-2ED2-4183-87F7-ADD78A968AE0}.Debug|Any CPU.Build.0 = Debug|Any CPU
		{600CD3BF-2ED2-4183-87F7-ADD78A968AE0}.Debug-Win32|x86.ActiveCfg = Debug|Any CPU
		{600CD3BF-2ED2-4183-87F7-ADD78A968AE0}.Debug-Win32|x86.Build.0 = Debug|Any CPU
		{600CD3BF-2ED2-4183-87F7-ADD78A968AE0}.Release|Any CPU.ActiveCfg = Release|Any CPU
		{600CD3BF-2ED2-4183-87F7-ADD78A968AE0}.Release|Any CPU.Build.0 = Release|Any CPU
		{600CD3BF-2ED2-4183-87F7-ADD78A968AE0}.Release-Win32|x86.ActiveCfg = Release|Any CPU
		{600CD3BF-2ED2-4183-87F7-ADD78A968AE0}.Release-Win32|x86.Build.0 = Release|Any CPU
		{73DEF91D-03FF-41E3-B2E1-3259AF247CA7}.Debug|Any CPU.ActiveCfg = Debug|Any CPU
		{73DEF91D-03FF-41E3-B2E1-3259AF247CA7}.Debug|Any CPU.Build.0 = Debug|Any CPU
		{73DEF91D-03FF-41E3-B2E1-3259AF247CA7}.Debug-Win32|x86.ActiveCfg = Debug|Any CPU
		{73DEF91D-03FF-41E3-B2E1-3259AF247CA7}.Debug-Win32|x86.Build.0 = Debug|Any CPU
		{73DEF91D-03FF-41E3-B2E1-3259AF247CA7}.Release|Any CPU.ActiveCfg = Release|Any CPU
		{73DEF91D-03FF-41E3-B2E1-3259AF247CA7}.Release|Any CPU.Build.0 = Release|Any CPU
		{73DEF91D-03FF-41E3-B2E1-3259AF247CA7}.Release-Win32|x86.ActiveCfg = Release|Any CPU
		{73DEF91D-03FF-41E3-B2E1-3259AF247CA7}.Release-Win32|x86.Build.0 = Release|Any CPU
		{7964E3E4-1E98-4AE0-AF1B-1B940CDF0A99}.Debug|Any CPU.ActiveCfg = Debug|Any CPU
		{7964E3E4-1E98-4AE0-AF1B-1B940CDF0A99}.Debug|Any CPU.Build.0 = Debug|Any CPU
		{7964E3E4-1E98-4AE0-AF1B-1B940CDF0A99}.Debug-Win32|x86.ActiveCfg = Debug|Any CPU
		{7964E3E4-1E98-4AE0-AF1B-1B940CDF0A99}.Debug-Win32|x86.Build.0 = Debug|Any CPU
		{7964E3E4-1E98-4AE0-AF1B-1B940CDF0A99}.Release|Any CPU.ActiveCfg = Release|Any CPU
		{7964E3E4-1E98-4AE0-AF1B-1B940CDF0A99}.Release|Any CPU.Build.0 = Release|Any CPU
		{7964E3E4-1E98-4AE0-AF1B-1B940CDF0A99}.Release-Win32|x86.ActiveCfg = Release|Any CPU
		{7964E3E4-1E98-4AE0-AF1B-1B940CDF0A99}.Release-Win32|x86.Build.0 = Release|Any CPU
		{7B1E3AB2-FB8C-4439-A2B4-2129EDBD79F8}.Debug|Any CPU.ActiveCfg = Debug|Any CPU
		{7B1E3AB2-FB8C-4439-A2B4-2129EDBD79F8}.Debug|Any CPU.Build.0 = Debug|Any CPU
		{7B1E3AB2-FB8C-4439-A2B4-2129EDBD79F8}.Debug-Win32|x86.ActiveCfg = Debug|Any CPU
		{7B1E3AB2-FB8C-4439-A2B4-2129EDBD79F8}.Debug-Win32|x86.Build.0 = Debug|Any CPU
		{7B1E3AB2-FB8C-4439-A2B4-2129EDBD79F8}.Release|Any CPU.ActiveCfg = Release|Any CPU
		{7B1E3AB2-FB8C-4439-A2B4-2129EDBD79F8}.Release|Any CPU.Build.0 = Release|Any CPU
		{7B1E3AB2-FB8C-4439-A2B4-2129EDBD79F8}.Release-Win32|x86.ActiveCfg = Release|Any CPU
		{7B1E3AB2-FB8C-4439-A2B4-2129EDBD79F8}.Release-Win32|x86.Build.0 = Release|Any CPU
		{91D3003B-7E65-4EAF-8EE1-DA43832E7A9C}.Debug|Any CPU.ActiveCfg = Debug|Any CPU
		{91D3003B-7E65-4EAF-8EE1-DA43832E7A9C}.Debug|Any CPU.Build.0 = Debug|Any CPU
		{91D3003B-7E65-4EAF-8EE1-DA43832E7A9C}.Debug-Win32|x86.ActiveCfg = Debug|Any CPU
		{91D3003B-7E65-4EAF-8EE1-DA43832E7A9C}.Debug-Win32|x86.Build.0 = Debug|Any CPU
		{91D3003B-7E65-4EAF-8EE1-DA43832E7A9C}.Release|Any CPU.ActiveCfg = Release|Any CPU
		{91D3003B-7E65-4EAF-8EE1-DA43832E7A9C}.Release|Any CPU.Build.0 = Release|Any CPU
		{91D3003B-7E65-4EAF-8EE1-DA43832E7A9C}.Release-Win32|x86.ActiveCfg = Release|Any CPU
		{91D3003B-7E65-4EAF-8EE1-DA43832E7A9C}.Release-Win32|x86.Build.0 = Release|Any CPU
		{95C1E256-73E7-4AAB-AA0B-405B51F7CF5A}.Debug|Any CPU.ActiveCfg = Debug|Any CPU
		{95C1E256-73E7-4AAB-AA0B-405B51F7CF5A}.Debug|Any CPU.Build.0 = Debug|Any CPU
		{95C1E256-73E7-4AAB-AA0B-405B51F7CF5A}.Debug-Win32|x86.ActiveCfg = Debug|Any CPU
		{95C1E256-73E7-4AAB-AA0B-405B51F7CF5A}.Debug-Win32|x86.Build.0 = Debug|Any CPU
		{95C1E256-73E7-4AAB-AA0B-405B51F7CF5A}.Release|Any CPU.ActiveCfg = Release|Any CPU
		{95C1E256-73E7-4AAB-AA0B-405B51F7CF5A}.Release|Any CPU.Build.0 = Release|Any CPU
		{95C1E256-73E7-4AAB-AA0B-405B51F7CF5A}.Release-Win32|x86.ActiveCfg = Release|Any CPU
		{95C1E256-73E7-4AAB-AA0B-405B51F7CF5A}.Release-Win32|x86.Build.0 = Release|Any CPU
		{982416DB-C143-4028-A0C3-CF41892D18D3}.Debug|Any CPU.ActiveCfg = Debug|Any CPU
		{982416DB-C143-4028-A0C3-CF41892D18D3}.Debug|Any CPU.Build.0 = Debug|Any CPU
		{982416DB-C143-4028-A0C3-CF41892D18D3}.Debug-Win32|x86.ActiveCfg = Debug|Any CPU
		{982416DB-C143-4028-A0C3-CF41892D18D3}.Debug-Win32|x86.Build.0 = Debug|Any CPU
		{982416DB-C143-4028-A0C3-CF41892D18D3}.Release|Any CPU.ActiveCfg = Release|Any CPU
		{982416DB-C143-4028-A0C3-CF41892D18D3}.Release|Any CPU.Build.0 = Release|Any CPU
		{982416DB-C143-4028-A0C3-CF41892D18D3}.Release-Win32|x86.ActiveCfg = Release|Any CPU
		{982416DB-C143-4028-A0C3-CF41892D18D3}.Release-Win32|x86.Build.0 = Release|Any CPU
		{A4A1D183-FD80-4DBD-806F-883DDADD4967}.Debug|Any CPU.ActiveCfg = Debug|Any CPU
		{A4A1D183-FD80-4DBD-806F-883DDADD4967}.Debug|Any CPU.Build.0 = Debug|Any CPU
		{A4A1D183-FD80-4DBD-806F-883DDADD4967}.Debug-Win32|x86.ActiveCfg = Debug|Any CPU
		{A4A1D183-FD80-4DBD-806F-883DDADD4967}.Debug-Win32|x86.Build.0 = Debug|Any CPU
		{A4A1D183-FD80-4DBD-806F-883DDADD4967}.Release|Any CPU.ActiveCfg = Release|Any CPU
		{A4A1D183-FD80-4DBD-806F-883DDADD4967}.Release|Any CPU.Build.0 = Release|Any CPU
		{A4A1D183-FD80-4DBD-806F-883DDADD4967}.Release-Win32|x86.ActiveCfg = Release|Any CPU
		{A4A1D183-FD80-4DBD-806F-883DDADD4967}.Release-Win32|x86.Build.0 = Release|Any CPU
		{A9AE40FF-1A21-414A-9FE7-3BE13644CC6D}.Debug|Any CPU.ActiveCfg = Debug|Any CPU
		{A9AE40FF-1A21-414A-9FE7-3BE13644CC6D}.Debug|Any CPU.Build.0 = Debug|Any CPU
		{A9AE40FF-1A21-414A-9FE7-3BE13644CC6D}.Debug-Win32|x86.ActiveCfg = Debug|Any CPU
		{A9AE40FF-1A21-414A-9FE7-3BE13644CC6D}.Debug-Win32|x86.Build.0 = Debug|Any CPU
		{A9AE40FF-1A21-414A-9FE7-3BE13644CC6D}.Release|Any CPU.ActiveCfg = Release|Any CPU
		{A9AE40FF-1A21-414A-9FE7-3BE13644CC6D}.Release|Any CPU.Build.0 = Release|Any CPU
		{A9AE40FF-1A21-414A-9FE7-3BE13644CC6D}.Release-Win32|x86.ActiveCfg = Release|Any CPU
		{A9AE40FF-1A21-414A-9FE7-3BE13644CC6D}.Release-Win32|x86.Build.0 = Release|Any CPU
		{AB347741-B8CC-4B6B-BD39-826C77BE0694}.Debug|Any CPU.ActiveCfg = Debug|Any CPU
		{AB347741-B8CC-4B6B-BD39-826C77BE0694}.Debug|Any CPU.Build.0 = Debug|Any CPU
		{AB347741-B8CC-4B6B-BD39-826C77BE0694}.Release|Any CPU.ActiveCfg = Release|Any CPU
		{AB347741-B8CC-4B6B-BD39-826C77BE0694}.Release|Any CPU.Build.0 = Release|Any CPU
		{AFDC57ED-C013-4581-9D06-54D8A42D696D}.Debug|Any CPU.ActiveCfg = Debug|Any CPU
		{AFDC57ED-C013-4581-9D06-54D8A42D696D}.Debug|Any CPU.Build.0 = Debug|Any CPU
		{AFDC57ED-C013-4581-9D06-54D8A42D696D}.Debug-Win32|Any CPU.ActiveCfg = Release|Any CPU
		{AFDC57ED-C013-4581-9D06-54D8A42D696D}.Debug-Win32|Any CPU.Build.0 = Release|Any CPU
		{AFDC57ED-C013-4581-9D06-54D8A42D696D}.Debug-Win32|x86.ActiveCfg = Debug|Any CPU
		{AFDC57ED-C013-4581-9D06-54D8A42D696D}.Debug-Win32|x86.Build.0 = Debug|Any CPU
		{AFDC57ED-C013-4581-9D06-54D8A42D696D}.Release|Any CPU.ActiveCfg = Release|Any CPU
		{AFDC57ED-C013-4581-9D06-54D8A42D696D}.Release|Any CPU.Build.0 = Release|Any CPU
		{AFDC57ED-C013-4581-9D06-54D8A42D696D}.Release-Win32|x86.ActiveCfg = Release|Any CPU
		{AFDC57ED-C013-4581-9D06-54D8A42D696D}.Release-Win32|x86.Build.0 = Release|Any CPU
		{B68687B3-E45A-410E-BAE6-A7B2590E17B1}.Debug|Any CPU.ActiveCfg = Debug|Any CPU
		{B68687B3-E45A-410E-BAE6-A7B2590E17B1}.Debug|Any CPU.Build.0 = Debug|Any CPU
		{B68687B3-E45A-410E-BAE6-A7B2590E17B1}.Debug-Win32|x86.ActiveCfg = Debug-Win32|x86
		{B68687B3-E45A-410E-BAE6-A7B2590E17B1}.Debug-Win32|x86.Build.0 = Debug-Win32|x86
		{B68687B3-E45A-410E-BAE6-A7B2590E17B1}.Release|Any CPU.ActiveCfg = Release|Any CPU
		{B68687B3-E45A-410E-BAE6-A7B2590E17B1}.Release|Any CPU.Build.0 = Release|Any CPU
		{B68687B3-E45A-410E-BAE6-A7B2590E17B1}.Release-Win32|x86.ActiveCfg = Release-Win32|x86
		{B68687B3-E45A-410E-BAE6-A7B2590E17B1}.Release-Win32|x86.Build.0 = Release-Win32|x86
		{BCD52FCF-B7A8-42FB-AA8D-CF9921FF593E}.Debug|Any CPU.ActiveCfg = Debug|Any CPU
		{BCD52FCF-B7A8-42FB-AA8D-CF9921FF593E}.Debug|Any CPU.Build.0 = Debug|Any CPU
		{BCD52FCF-B7A8-42FB-AA8D-CF9921FF593E}.Debug-Win32|x86.ActiveCfg = Debug|Any CPU
		{BCD52FCF-B7A8-42FB-AA8D-CF9921FF593E}.Debug-Win32|x86.Build.0 = Debug|Any CPU
		{BCD52FCF-B7A8-42FB-AA8D-CF9921FF593E}.Release|Any CPU.ActiveCfg = Release|Any CPU
		{BCD52FCF-B7A8-42FB-AA8D-CF9921FF593E}.Release|Any CPU.Build.0 = Release|Any CPU
		{BCD52FCF-B7A8-42FB-AA8D-CF9921FF593E}.Release-Win32|x86.ActiveCfg = Release|Any CPU
		{BCD52FCF-B7A8-42FB-AA8D-CF9921FF593E}.Release-Win32|x86.Build.0 = Release|Any CPU
		{C6379274-C5DE-41A2-AE3E-753F85A557BA}.Debug|Any CPU.ActiveCfg = Debug|Any CPU
		{C6379274-C5DE-41A2-AE3E-753F85A557BA}.Debug|Any CPU.Build.0 = Debug|Any CPU
		{C6379274-C5DE-41A2-AE3E-753F85A557BA}.Debug-Win32|x86.ActiveCfg = Debug|Any CPU
		{C6379274-C5DE-41A2-AE3E-753F85A557BA}.Debug-Win32|x86.Build.0 = Debug|Any CPU
		{C6379274-C5DE-41A2-AE3E-753F85A557BA}.Release|Any CPU.ActiveCfg = Release|Any CPU
		{C6379274-C5DE-41A2-AE3E-753F85A557BA}.Release|Any CPU.Build.0 = Release|Any CPU
		{C6379274-C5DE-41A2-AE3E-753F85A557BA}.Release-Win32|x86.ActiveCfg = Debug|Any CPU
		{C6379274-C5DE-41A2-AE3E-753F85A557BA}.Release-Win32|x86.Build.0 = Debug|Any CPU
		{C8E5D37F-6C42-4CD6-81E4-CE4DA2125F11}.Debug|Any CPU.ActiveCfg = Debug|Any CPU
		{C8E5D37F-6C42-4CD6-81E4-CE4DA2125F11}.Debug|Any CPU.Build.0 = Debug|Any CPU
		{C8E5D37F-6C42-4CD6-81E4-CE4DA2125F11}.Debug-Win32|x86.ActiveCfg = Debug|Any CPU
		{C8E5D37F-6C42-4CD6-81E4-CE4DA2125F11}.Debug-Win32|x86.Build.0 = Debug|Any CPU
		{C8E5D37F-6C42-4CD6-81E4-CE4DA2125F11}.Release|Any CPU.ActiveCfg = Release|Any CPU
		{C8E5D37F-6C42-4CD6-81E4-CE4DA2125F11}.Release|Any CPU.Build.0 = Release|Any CPU
		{C8E5D37F-6C42-4CD6-81E4-CE4DA2125F11}.Release-Win32|x86.ActiveCfg = Release|Any CPU
		{C8E5D37F-6C42-4CD6-81E4-CE4DA2125F11}.Release-Win32|x86.Build.0 = Release|Any CPU
		{D39D3DC3-CE90-4313-8351-C30C24B2CCB8}.Debug|Any CPU.ActiveCfg = Debug|Any CPU
		{D39D3DC3-CE90-4313-8351-C30C24B2CCB8}.Debug|Any CPU.Build.0 = Debug|Any CPU
		{D39D3DC3-CE90-4313-8351-C30C24B2CCB8}.Debug-Win32|x86.ActiveCfg = Debug|Any CPU
		{D39D3DC3-CE90-4313-8351-C30C24B2CCB8}.Debug-Win32|x86.Build.0 = Debug|Any CPU
		{D39D3DC3-CE90-4313-8351-C30C24B2CCB8}.Release|Any CPU.ActiveCfg = Release|Any CPU
		{D39D3DC3-CE90-4313-8351-C30C24B2CCB8}.Release|Any CPU.Build.0 = Release|Any CPU
		{D39D3DC3-CE90-4313-8351-C30C24B2CCB8}.Release-Win32|x86.ActiveCfg = Release|Any CPU
		{D39D3DC3-CE90-4313-8351-C30C24B2CCB8}.Release-Win32|x86.Build.0 = Release|Any CPU
		{E477E836-B4E6-41DD-AC4A-7AB80EA4BA00}.Debug|Any CPU.ActiveCfg = Debug|Any CPU
		{E477E836-B4E6-41DD-AC4A-7AB80EA4BA00}.Debug|Any CPU.Build.0 = Debug|Any CPU
		{E477E836-B4E6-41DD-AC4A-7AB80EA4BA00}.Debug-Win32|x86.ActiveCfg = Debug|Any CPU
		{E477E836-B4E6-41DD-AC4A-7AB80EA4BA00}.Debug-Win32|x86.Build.0 = Debug|Any CPU
		{E477E836-B4E6-41DD-AC4A-7AB80EA4BA00}.Release|Any CPU.ActiveCfg = Release|Any CPU
		{E477E836-B4E6-41DD-AC4A-7AB80EA4BA00}.Release|Any CPU.Build.0 = Release|Any CPU
		{E477E836-B4E6-41DD-AC4A-7AB80EA4BA00}.Release-Win32|x86.ActiveCfg = Release|Any CPU
		{E477E836-B4E6-41DD-AC4A-7AB80EA4BA00}.Release-Win32|x86.Build.0 = Release|Any CPU
		{E75D5685-3027-414C-BC2C-E48307181D80}.Debug|Any CPU.ActiveCfg = Debug|Any CPU
		{E75D5685-3027-414C-BC2C-E48307181D80}.Debug|Any CPU.Build.0 = Debug|Any CPU
		{E75D5685-3027-414C-BC2C-E48307181D80}.Debug-Win32|x86.ActiveCfg = Debug|Any CPU
		{E75D5685-3027-414C-BC2C-E48307181D80}.Debug-Win32|x86.Build.0 = Debug|Any CPU
		{E75D5685-3027-414C-BC2C-E48307181D80}.Release|Any CPU.ActiveCfg = Release|Any CPU
		{E75D5685-3027-414C-BC2C-E48307181D80}.Release|Any CPU.Build.0 = Release|Any CPU
		{E75D5685-3027-414C-BC2C-E48307181D80}.Release-Win32|x86.ActiveCfg = Release|Any CPU
		{E75D5685-3027-414C-BC2C-E48307181D80}.Release-Win32|x86.Build.0 = Release|Any CPU
		{EB46B9C6-EE37-48F9-835E-E49580E40E0A}.Debug|Any CPU.ActiveCfg = Debug|Any CPU
		{EB46B9C6-EE37-48F9-835E-E49580E40E0A}.Debug|Any CPU.Build.0 = Debug|Any CPU
		{EB46B9C6-EE37-48F9-835E-E49580E40E0A}.Debug-Win32|x86.ActiveCfg = Debug|Any CPU
		{EB46B9C6-EE37-48F9-835E-E49580E40E0A}.Debug-Win32|x86.Build.0 = Debug|Any CPU
		{EB46B9C6-EE37-48F9-835E-E49580E40E0A}.Release|Any CPU.ActiveCfg = Release|Any CPU
		{EB46B9C6-EE37-48F9-835E-E49580E40E0A}.Release|Any CPU.Build.0 = Release|Any CPU
		{EB46B9C6-EE37-48F9-835E-E49580E40E0A}.Release-Win32|x86.ActiveCfg = Release|Any CPU
		{EB46B9C6-EE37-48F9-835E-E49580E40E0A}.Release-Win32|x86.Build.0 = Release|Any CPU
		{40AC7A7C-D3E5-46DF-B740-06BD9D2A00E1}.Debug|Any CPU.ActiveCfg = Debug|Any CPU
		{40AC7A7C-D3E5-46DF-B740-06BD9D2A00E1}.Debug|Any CPU.Build.0 = Debug|Any CPU
		{40AC7A7C-D3E5-46DF-B740-06BD9D2A00E1}.Debug-Win32|x86.ActiveCfg = Debug|Any CPU
		{40AC7A7C-D3E5-46DF-B740-06BD9D2A00E1}.Debug-Win32|x86.Build.0 = Debug|Any CPU
		{40AC7A7C-D3E5-46DF-B740-06BD9D2A00E1}.Release|Any CPU.ActiveCfg = Release|Any CPU
		{40AC7A7C-D3E5-46DF-B740-06BD9D2A00E1}.Release|Any CPU.Build.0 = Release|Any CPU
		{40AC7A7C-D3E5-46DF-B740-06BD9D2A00E1}.Release-Win32|x86.ActiveCfg = Release|Any CPU
		{40AC7A7C-D3E5-46DF-B740-06BD9D2A00E1}.Release-Win32|x86.Build.0 = Release|Any CPU
		{6CAE854A-F202-4D2B-B10E-E8D8E81E5EF5}.Debug|Any CPU.ActiveCfg = Debug|Any CPU
		{6CAE854A-F202-4D2B-B10E-E8D8E81E5EF5}.Debug|Any CPU.Build.0 = Debug|Any CPU
		{6CAE854A-F202-4D2B-B10E-E8D8E81E5EF5}.Debug-Win32|x86.ActiveCfg = Debug|Any CPU
		{6CAE854A-F202-4D2B-B10E-E8D8E81E5EF5}.Debug-Win32|x86.Build.0 = Debug|Any CPU
		{6CAE854A-F202-4D2B-B10E-E8D8E81E5EF5}.Release|Any CPU.ActiveCfg = Release|Any CPU
		{6CAE854A-F202-4D2B-B10E-E8D8E81E5EF5}.Release|Any CPU.Build.0 = Release|Any CPU
		{6CAE854A-F202-4D2B-B10E-E8D8E81E5EF5}.Release-Win32|x86.ActiveCfg = Release|Any CPU
		{6CAE854A-F202-4D2B-B10E-E8D8E81E5EF5}.Release-Win32|x86.Build.0 = Release|Any CPU
	EndGlobalSection
	GlobalSection(MonoDevelopProperties) = preSolution
		BaseDirectory = ..
		StartupItem = Frontend-GNOME\Frontend-GNOME.csproj
		Policies = $0
		$0.ChangeLogPolicy = $1
		$1.UpdateMode = Nearest
		$1.VcsIntegration = RequireEntry
		$1.MessageStyle = $2
		$2.LineAlign = 0
		$1.inheritsSet = Mono
		$0.VersionControlPolicy = $3
		$3.inheritsSet = Mono
		$0.TextStylePolicy = $4
		$4.inheritsSet = VisualStudio
		$4.inheritsScope = text/plain
		$0.DotNetNamingPolicy = $5
		$5.DirectoryNamespaceAssociation = None
		$5.ResourceNamePolicy = FileName
		$0.StandardHeader = $6
		$6.Text = @Smuxi - Smart MUltipleXed Irc\n\nCopyright (c) ${Year} ${CopyrightHolder}\n\nFull GPL License: <http://www.gnu.org/licenses/gpl.txt>\n\nThis program is free software; you can redistribute it and/or modify\nit under the terms of the GNU General Public License as published by\nthe Free Software Foundation; either version 2 of the License, or\n(at your option) any later version.\n\nThis program is distributed in the hope that it will be useful,\nbut WITHOUT ANY WARRANTY; without even the implied warranty of\nMERCHANTABILITY or FITNESS FOR A PARTICULAR PURPOSE.  See the\nGNU General Public License for more details.\n\nYou should have received a copy of the GNU General Public License\nalong with this program; if not, write to the Free Software\nFoundation, Inc., 59 Temple Place, Suite 330, Boston, MA  02111-1307 USA
		$6.IncludeInNewFiles = True
		$0.TextStylePolicy = $7
		$7.inheritsSet = VisualStudio
		$7.inheritsScope = text/plain
		$7.scope = text/plain
		$0.TextStylePolicy = $8
		$8.inheritsSet = null
		$8.scope = text/x-csharp
		$0.CSharpFormattingPolicy = $9
		$9.IndentSwitchBody = True
		$9.EnumBraceStyle = EndOfLine
		$9.AllowPropertyGetBlockInline = False
		$9.AllowPropertySetBlockInline = False
		$9.AllowEventAddBlockInline = False
		$9.AllowEventRemoveBlockInline = False
		$9.BeforeMethodDeclarationParentheses = False
		$9.BeforeMethodCallParentheses = False
		$9.BeforeConstructorDeclarationParentheses = False
		$9.BeforeDelegateDeclarationParentheses = False
		$9.NewParentheses = False
		$9.SpacesAfterTypecast = True
		$9.inheritsSet = Mono
		$9.inheritsScope = text/x-csharp
		$9.scope = text/x-csharp
		outputpath = ..\bin\
		releaseversion = 0.6.1
		name = smuxi
		MakePkgConfig = False
		MakeLibPC = True
	EndGlobalSection
EndGlobal
